{
  "object": {
    "pins": [
      {
        "package": "Stevia",
        "repositoryURL": "https://github.com/freshOS/Stevia",
        "state": {
          "branch": "master",
          "revision": "dfdbe904b956a4f9617c0f21d05d8ea8f9a6359e",
          "version": null
        }
      }
    ]
  },
  "version": 1
}
